// !$*UTF8*$!
{
	archiveVersion = 1;
	classes = {
	};
	objectVersion = 48;
	objects = {

/* Begin PBXBuildFile section */
		7C3768C0204A8DFA00A09457 /* MovieInfoVC.swift in Sources */ = {isa = PBXBuildFile; fileRef = 7C3768BF204A8DFA00A09457 /* MovieInfoVC.swift */; };
		7C3768C2204A8E0600A09457 /* MovieListVC.swift in Sources */ = {isa = PBXBuildFile; fileRef = 7C3768C1204A8E0600A09457 /* MovieListVC.swift */; };
		7C3768C4204A8E1600A09457 /* RecentSearchesVC.swift in Sources */ = {isa = PBXBuildFile; fileRef = 7C3768C3204A8E1600A09457 /* RecentSearchesVC.swift */; };
		7C3768C7204AA43E00A09457 /* MovieItemCell.swift in Sources */ = {isa = PBXBuildFile; fileRef = 7C3768C6204AA43E00A09457 /* MovieItemCell.swift */; };
		7C3768C9204AA67B00A09457 /* Movie.swift in Sources */ = {isa = PBXBuildFile; fileRef = 7C3768C8204AA67B00A09457 /* Movie.swift */; };
		7C3768CB204AA75300A09457 /* CustomExtensions.swift in Sources */ = {isa = PBXBuildFile; fileRef = 7C3768CA204AA75300A09457 /* CustomExtensions.swift */; };
		7C44CF65204A8075003D24F5 /* AppDelegate.swift in Sources */ = {isa = PBXBuildFile; fileRef = 7C44CF64204A8075003D24F5 /* AppDelegate.swift */; };
		7C44CF6A204A8075003D24F5 /* Main.storyboard in Resources */ = {isa = PBXBuildFile; fileRef = 7C44CF68204A8075003D24F5 /* Main.storyboard */; };
		7C44CF6C204A8075003D24F5 /* Assets.xcassets in Resources */ = {isa = PBXBuildFile; fileRef = 7C44CF6B204A8075003D24F5 /* Assets.xcassets */; };
		7C44CF6F204A8075003D24F5 /* LaunchScreen.storyboard in Resources */ = {isa = PBXBuildFile; fileRef = 7C44CF6D204A8075003D24F5 /* LaunchScreen.storyboard */; };
		7C44CF7E204A81FC003D24F5 /* NetworkManager.swift in Sources */ = {isa = PBXBuildFile; fileRef = 7C44CF7D204A81FC003D24F5 /* NetworkManager.swift */; };
		7C44CF81204A8211003D24F5 /* AppDefaults.swift in Sources */ = {isa = PBXBuildFile; fileRef = 7C44CF7F204A8211003D24F5 /* AppDefaults.swift */; };
		7C44CF82204A8211003D24F5 /* Constants.swift in Sources */ = {isa = PBXBuildFile; fileRef = 7C44CF80204A8211003D24F5 /* Constants.swift */; };
		7C44CF86204A8946003D24F5 /* ViewModel.swift in Sources */ = {isa = PBXBuildFile; fileRef = 7C44CF85204A8946003D24F5 /* ViewModel.swift */; };
/* End PBXBuildFile section */

/* Begin PBXFileReference section */
		7C3768BF204A8DFA00A09457 /* MovieInfoVC.swift */ = {isa = PBXFileReference; lastKnownFileType = sourcecode.swift; path = MovieInfoVC.swift; sourceTree = "<group>"; };
		7C3768C1204A8E0600A09457 /* MovieListVC.swift */ = {isa = PBXFileReference; lastKnownFileType = sourcecode.swift; path = MovieListVC.swift; sourceTree = "<group>"; };
		7C3768C3204A8E1600A09457 /* RecentSearchesVC.swift */ = {isa = PBXFileReference; lastKnownFileType = sourcecode.swift; path = RecentSearchesVC.swift; sourceTree = "<group>"; };
		7C3768C6204AA43E00A09457 /* MovieItemCell.swift */ = {isa = PBXFileReference; lastKnownFileType = sourcecode.swift; path = MovieItemCell.swift; sourceTree = "<group>"; };
		7C3768C8204AA67B00A09457 /* Movie.swift */ = {isa = PBXFileReference; lastKnownFileType = sourcecode.swift; path = Movie.swift; sourceTree = "<group>"; };
		7C3768CA204AA75300A09457 /* CustomExtensions.swift */ = {isa = PBXFileReference; lastKnownFileType = sourcecode.swift; path = CustomExtensions.swift; sourceTree = "<group>"; };
		7C44CF61204A8075003D24F5 /* ArchitecturalDemo.app */ = {isa = PBXFileReference; explicitFileType = wrapper.application; includeInIndex = 0; path = ArchitecturalDemo.app; sourceTree = BUILT_PRODUCTS_DIR; };
		7C44CF64204A8075003D24F5 /* AppDelegate.swift */ = {isa = PBXFileReference; lastKnownFileType = sourcecode.swift; path = AppDelegate.swift; sourceTree = "<group>"; };
		7C44CF69204A8075003D24F5 /* Base */ = {isa = PBXFileReference; lastKnownFileType = file.storyboard; name = Base; path = Base.lproj/Main.storyboard; sourceTree = "<group>"; };
		7C44CF6B204A8075003D24F5 /* Assets.xcassets */ = {isa = PBXFileReference; lastKnownFileType = folder.assetcatalog; path = Assets.xcassets; sourceTree = "<group>"; };
		7C44CF6E204A8075003D24F5 /* Base */ = {isa = PBXFileReference; lastKnownFileType = file.storyboard; name = Base; path = Base.lproj/LaunchScreen.storyboard; sourceTree = "<group>"; };
		7C44CF70204A8075003D24F5 /* Info.plist */ = {isa = PBXFileReference; lastKnownFileType = text.plist.xml; path = Info.plist; sourceTree = "<group>"; };
		7C44CF7D204A81FC003D24F5 /* NetworkManager.swift */ = {isa = PBXFileReference; fileEncoding = 4; lastKnownFileType = sourcecode.swift; path = NetworkManager.swift; sourceTree = "<group>"; };
		7C44CF7F204A8211003D24F5 /* AppDefaults.swift */ = {isa = PBXFileReference; fileEncoding = 4; lastKnownFileType = sourcecode.swift; path = AppDefaults.swift; sourceTree = "<group>"; };
		7C44CF80204A8211003D24F5 /* Constants.swift */ = {isa = PBXFileReference; fileEncoding = 4; lastKnownFileType = sourcecode.swift; path = Constants.swift; sourceTree = "<group>"; };
		7C44CF85204A8946003D24F5 /* ViewModel.swift */ = {isa = PBXFileReference; fileEncoding = 4; lastKnownFileType = sourcecode.swift; path = ViewModel.swift; sourceTree = "<group>"; };
/* End PBXFileReference section */

/* Begin PBXFrameworksBuildPhase section */
		7C44CF5E204A8075003D24F5 /* Frameworks */ = {
			isa = PBXFrameworksBuildPhase;
			buildActionMask = 2147483647;
			files = (
			);
			runOnlyForDeploymentPostprocessing = 0;
		};
/* End PBXFrameworksBuildPhase section */

/* Begin PBXGroup section */
		7C3768C5204AA42100A09457 /* Cells */ = {
			isa = PBXGroup;
			children = (
				7C3768C6204AA43E00A09457 /* MovieItemCell.swift */,
			);
			path = Cells;
			sourceTree = "<group>";
		};
		7C44CF58204A8075003D24F5 = {
			isa = PBXGroup;
			children = (
				7C44CF63204A8075003D24F5 /* ArchitecturalDemo */,
				7C44CF62204A8075003D24F5 /* Products */,
			);
			sourceTree = "<group>";
		};
		7C44CF62204A8075003D24F5 /* Products */ = {
			isa = PBXGroup;
			children = (
				7C44CF61204A8075003D24F5 /* ArchitecturalDemo.app */,
			);
			name = Products;
			sourceTree = "<group>";
		};
		7C44CF63204A8075003D24F5 /* ArchitecturalDemo */ = {
			isa = PBXGroup;
			children = (
				7C44CF76204A8188003D24F5 /* Main */,
				7C44CF79204A8189003D24F5 /* Model */,
				7C44CF77204A8189003D24F5 /* Utils */,
				7C44CF7A204A8189003D24F5 /* View */,
				7C44CF78204A8189003D24F5 /* ViewModel */,
				7C44CF6B204A8075003D24F5 /* Assets.xcassets */,
				7C44CF70204A8075003D24F5 /* Info.plist */,
			);
			path = ArchitecturalDemo;
			sourceTree = "<group>";
		};
		7C44CF76204A8188003D24F5 /* Main */ = {
			isa = PBXGroup;
			children = (
				7C44CF64204A8075003D24F5 /* AppDelegate.swift */,
			);
			path = Main;
			sourceTree = "<group>";
		};
		7C44CF77204A8189003D24F5 /* Utils */ = {
			isa = PBXGroup;
			children = (
				7C44CF7F204A8211003D24F5 /* AppDefaults.swift */,
				7C44CF80204A8211003D24F5 /* Constants.swift */,
				7C44CF7D204A81FC003D24F5 /* NetworkManager.swift */,
				7C3768CA204AA75300A09457 /* CustomExtensions.swift */,
			);
			path = Utils;
			sourceTree = "<group>";
		};
		7C44CF78204A8189003D24F5 /* ViewModel */ = {
			isa = PBXGroup;
			children = (
				7C44CF85204A8946003D24F5 /* ViewModel.swift */,
			);
			path = ViewModel;
			sourceTree = "<group>";
		};
		7C44CF79204A8189003D24F5 /* Model */ = {
			isa = PBXGroup;
			children = (
				7C3768C8204AA67B00A09457 /* Movie.swift */,
			);
			path = Model;
			sourceTree = "<group>";
		};
		7C44CF7A204A8189003D24F5 /* View */ = {
			isa = PBXGroup;
			children = (
				7C3768C5204AA42100A09457 /* Cells */,
				7C44CF7B204A8189003D24F5 /* StoryBoard */,
				7C44CF7C204A8189003D24F5 /* Controllers */,
			);
			path = View;
			sourceTree = "<group>";
		};
		7C44CF7B204A8189003D24F5 /* StoryBoard */ = {
			isa = PBXGroup;
			children = (
				7C44CF6D204A8075003D24F5 /* LaunchScreen.storyboard */,
				7C44CF68204A8075003D24F5 /* Main.storyboard */,
			);
			path = StoryBoard;
			sourceTree = "<group>";
		};
		7C44CF7C204A8189003D24F5 /* Controllers */ = {
			isa = PBXGroup;
			children = (
				7C3768BF204A8DFA00A09457 /* MovieInfoVC.swift */,
				7C3768C1204A8E0600A09457 /* MovieListVC.swift */,
				7C3768C3204A8E1600A09457 /* RecentSearchesVC.swift */,
			);
			path = Controllers;
			sourceTree = "<group>";
		};
/* End PBXGroup section */

/* Begin PBXNativeTarget section */
		7C44CF60204A8075003D24F5 /* ArchitecturalDemo */ = {
			isa = PBXNativeTarget;
			buildConfigurationList = 7C44CF73204A8075003D24F5 /* Build configuration list for PBXNativeTarget "ArchitecturalDemo" */;
			buildPhases = (
				7C44CF5D204A8075003D24F5 /* Sources */,
				7C44CF5E204A8075003D24F5 /* Frameworks */,
				7C44CF5F204A8075003D24F5 /* Resources */,
			);
			buildRules = (
			);
			dependencies = (
			);
			name = ArchitecturalDemo;
			productName = ArchitecturalDemo;
			productReference = 7C44CF61204A8075003D24F5 /* ArchitecturalDemo.app */;
			productType = "com.apple.product-type.application";
		};
/* End PBXNativeTarget section */

/* Begin PBXProject section */
		7C44CF59204A8075003D24F5 /* Project object */ = {
			isa = PBXProject;
			attributes = {
				LastSwiftUpdateCheck = 0920;
				LastUpgradeCheck = 0920;
				ORGANIZATIONNAME = "Rakesh Gujari";
				TargetAttributes = {
					7C44CF60204A8075003D24F5 = {
						CreatedOnToolsVersion = 9.2;
						ProvisioningStyle = Automatic;
					};
				};
			};
			buildConfigurationList = 7C44CF5C204A8075003D24F5 /* Build configuration list for PBXProject "ArchitecturalDemo" */;
			compatibilityVersion = "Xcode 8.0";
			developmentRegion = en;
			hasScannedForEncodings = 0;
			knownRegions = (
				en,
				Base,
			);
			mainGroup = 7C44CF58204A8075003D24F5;
			productRefGroup = 7C44CF62204A8075003D24F5 /* Products */;
			projectDirPath = "";
			projectRoot = "";
			targets = (
				7C44CF60204A8075003D24F5 /* ArchitecturalDemo */,
			);
		};
/* End PBXProject section */

/* Begin PBXResourcesBuildPhase section */
		7C44CF5F204A8075003D24F5 /* Resources */ = {
			isa = PBXResourcesBuildPhase;
			buildActionMask = 2147483647;
			files = (
				7C44CF6F204A8075003D24F5 /* LaunchScreen.storyboard in Resources */,
				7C44CF6C204A8075003D24F5 /* Assets.xcassets in Resources */,
				7C44CF6A204A8075003D24F5 /* Main.storyboard in Resources */,
			);
			runOnlyForDeploymentPostprocessing = 0;
		};
/* End PBXResourcesBuildPhase section */

/* Begin PBXSourcesBuildPhase section */
		7C44CF5D204A8075003D24F5 /* Sources */ = {
			isa = PBXSourcesBuildPhase;
			buildActionMask = 2147483647;
			files = (
				7C3768CB204AA75300A09457 /* CustomExtensions.swift in Sources */,
				7C3768C7204AA43E00A09457 /* MovieItemCell.swift in Sources */,
				7C3768C0204A8DFA00A09457 /* MovieInfoVC.swift in Sources */,
				7C3768C2204A8E0600A09457 /* MovieListVC.swift in Sources */,
				7C44CF82204A8211003D24F5 /* Constants.swift in Sources */,
				7C44CF7E204A81FC003D24F5 /* NetworkManager.swift in Sources */,
				7C44CF81204A8211003D24F5 /* AppDefaults.swift in Sources */,
				7C44CF65204A8075003D24F5 /* AppDelegate.swift in Sources */,
				7C44CF86204A8946003D24F5 /* ViewModel.swift in Sources */,
				7C3768C9204AA67B00A09457 /* Movie.swift in Sources */,
				7C3768C4204A8E1600A09457 /* RecentSearchesVC.swift in Sources */,
			);
			runOnlyForDeploymentPostprocessing = 0;
		};
/* End PBXSourcesBuildPhase section */

/* Begin PBXVariantGroup section */
		7C44CF68204A8075003D24F5 /* Main.storyboard */ = {
			isa = PBXVariantGroup;
			children = (
				7C44CF69204A8075003D24F5 /* Base */,
			);
			name = Main.storyboard;
			sourceTree = "<group>";
		};
		7C44CF6D204A8075003D24F5 /* LaunchScreen.storyboard */ = {
			isa = PBXVariantGroup;
			children = (
				7C44CF6E204A8075003D24F5 /* Base */,
			);
			name = LaunchScreen.storyboard;
			sourceTree = "<group>";
		};
/* End PBXVariantGroup section */

/* Begin XCBuildConfiguration section */
		7C44CF71204A8075003D24F5 /* Debug */ = {
			isa = XCBuildConfiguration;
			buildSettings = {
				ALWAYS_SEARCH_USER_PATHS = NO;
				CLANG_ANALYZER_NONNULL = YES;
				CLANG_ANALYZER_NUMBER_OBJECT_CONVERSION = YES_AGGRESSIVE;
				CLANG_CXX_LANGUAGE_STANDARD = "gnu++14";
				CLANG_CXX_LIBRARY = "libc++";
				CLANG_ENABLE_MODULES = YES;
				CLANG_ENABLE_OBJC_ARC = YES;
				CLANG_WARN_BLOCK_CAPTURE_AUTORELEASING = YES;
				CLANG_WARN_BOOL_CONVERSION = YES;
				CLANG_WARN_COMMA = YES;
				CLANG_WARN_CONSTANT_CONVERSION = YES;
				CLANG_WARN_DIRECT_OBJC_ISA_USAGE = YES_ERROR;
				CLANG_WARN_DOCUMENTATION_COMMENTS = YES;
				CLANG_WARN_EMPTY_BODY = YES;
				CLANG_WARN_ENUM_CONVERSION = YES;
				CLANG_WARN_INFINITE_RECURSION = YES;
				CLANG_WARN_INT_CONVERSION = YES;
				CLANG_WARN_NON_LITERAL_NULL_CONVERSION = YES;
				CLANG_WARN_OBJC_LITERAL_CONVERSION = YES;
				CLANG_WARN_OBJC_ROOT_CLASS = YES_ERROR;
				CLANG_WARN_RANGE_LOOP_ANALYSIS = YES;
				CLANG_WARN_STRICT_PROTOTYPES = YES;
				CLANG_WARN_SUSPICIOUS_MOVE = YES;
				CLANG_WARN_UNGUARDED_AVAILABILITY = YES_AGGRESSIVE;
				CLANG_WARN_UNREACHABLE_CODE = YES;
				CLANG_WARN__DUPLICATE_METHOD_MATCH = YES;
				CODE_SIGN_IDENTITY = "iPhone Developer";
				COPY_PHASE_STRIP = NO;
				DEBUG_INFORMATION_FORMAT = dwarf;
				ENABLE_STRICT_OBJC_MSGSEND = YES;
				ENABLE_TESTABILITY = YES;
				GCC_C_LANGUAGE_STANDARD = gnu11;
				GCC_DYNAMIC_NO_PIC = NO;
				GCC_NO_COMMON_BLOCKS = YES;
				GCC_OPTIMIZATION_LEVEL = 0;
				GCC_PREPROCESSOR_DEFINITIONS = (
					"DEBUG=1",
					"$(inherited)",
				);
				GCC_WARN_64_TO_32_BIT_CONVERSION = YES;
				GCC_WARN_ABOUT_RETURN_TYPE = YES_ERROR;
				GCC_WARN_UNDECLARED_SELECTOR = YES;
				GCC_WARN_UNINITIALIZED_AUTOS = YES_AGGRESSIVE;
				GCC_WARN_UNUSED_FUNCTION = YES;
				GCC_WARN_UNUSED_VARIABLE = YES;
				IPHONEOS_DEPLOYMENT_TARGET = 11.2;
				MTL_ENABLE_DEBUG_INFO = YES;
				ONLY_ACTIVE_ARCH = YES;
				SDKROOT = iphoneos;
				SWIFT_ACTIVE_COMPILATION_CONDITIONS = DEBUG;
				SWIFT_OPTIMIZATION_LEVEL = "-Onone";
			};
			name = Debug;
		};
		7C44CF72204A8075003D24F5 /* Release */ = {
			isa = XCBuildConfiguration;
			buildSettings = {
				ALWAYS_SEARCH_USER_PATHS = NO;
				CLANG_ANALYZER_NONNULL = YES;
				CLANG_ANALYZER_NUMBER_OBJECT_CONVERSION = YES_AGGRESSIVE;
				CLANG_CXX_LANGUAGE_STANDARD = "gnu++14";
				CLANG_CXX_LIBRARY = "libc++";
				CLANG_ENABLE_MODULES = YES;
				CLANG_ENABLE_OBJC_ARC = YES;
				CLANG_WARN_BLOCK_CAPTURE_AUTORELEASING = YES;
				CLANG_WARN_BOOL_CONVERSION = YES;
				CLANG_WARN_COMMA = YES;
				CLANG_WARN_CONSTANT_CONVERSION = YES;
				CLANG_WARN_DIRECT_OBJC_ISA_USAGE = YES_ERROR;
				CLANG_WARN_DOCUMENTATION_COMMENTS = YES;
				CLANG_WARN_EMPTY_BODY = YES;
				CLANG_WARN_ENUM_CONVERSION = YES;
				CLANG_WARN_INFINITE_RECURSION = YES;
				CLANG_WARN_INT_CONVERSION = YES;
				CLANG_WARN_NON_LITERAL_NULL_CONVERSION = YES;
				CLANG_WARN_OBJC_LITERAL_CONVERSION = YES;
				CLANG_WARN_OBJC_ROOT_CLASS = YES_ERROR;
				CLANG_WARN_RANGE_LOOP_ANALYSIS = YES;
				CLANG_WARN_STRICT_PROTOTYPES = YES;
				CLANG_WARN_SUSPICIOUS_MOVE = YES;
				CLANG_WARN_UNGUARDED_AVAILABILITY = YES_AGGRESSIVE;
				CLANG_WARN_UNREACHABLE_CODE = YES;
				CLANG_WARN__DUPLICATE_METHOD_MATCH = YES;
				CODE_SIGN_IDENTITY = "iPhone Developer";
				COPY_PHASE_STRIP = NO;
				DEBUG_INFORMATION_FORMAT = "dwarf-with-dsym";
				ENABLE_NS_ASSERTIONS = NO;
				ENABLE_STRICT_OBJC_MSGSEND = YES;
				GCC_C_LANGUAGE_STANDARD = gnu11;
				GCC_NO_COMMON_BLOCKS = YES;
				GCC_WARN_64_TO_32_BIT_CONVERSION = YES;
				GCC_WARN_ABOUT_RETURN_TYPE = YES_ERROR;
				GCC_WARN_UNDECLARED_SELECTOR = YES;
				GCC_WARN_UNINITIALIZED_AUTOS = YES_AGGRESSIVE;
				GCC_WARN_UNUSED_FUNCTION = YES;
				GCC_WARN_UNUSED_VARIABLE = YES;
				IPHONEOS_DEPLOYMENT_TARGET = 11.2;
				MTL_ENABLE_DEBUG_INFO = NO;
				SDKROOT = iphoneos;
				SWIFT_OPTIMIZATION_LEVEL = "-Owholemodule";
				VALIDATE_PRODUCT = YES;
			};
			name = Release;
		};
		7C44CF74204A8075003D24F5 /* Debug */ = {
			isa = XCBuildConfiguration;
			buildSettings = {
				ASSETCATALOG_COMPILER_APPICON_NAME = AppIcon;
				CODE_SIGN_STYLE = Automatic;
				INFOPLIST_FILE = ArchitecturalDemo/Info.plist;
				LD_RUNPATH_SEARCH_PATHS = "$(inherited) @executable_path/Frameworks";
				PRODUCT_BUNDLE_IDENTIFIER = rakesh.personal.ArchitecturalDemo;
				PRODUCT_NAME = "$(TARGET_NAME)";
				SWIFT_VERSION = 4.0;
				TARGETED_DEVICE_FAMILY = "1,2";
			};
			name = Debug;
		};
		7C44CF75204A8075003D24F5 /* Release */ = {
			isa = XCBuildConfiguration;
			buildSettings = {
				ASSETCATALOG_COMPILER_APPICON_NAME = AppIcon;
				CODE_SIGN_STYLE = Automatic;
				INFOPLIST_FILE = ArchitecturalDemo/Info.plist;
				LD_RUNPATH_SEARCH_PATHS = "$(inherited) @executable_path/Frameworks";
				PRODUCT_BUNDLE_IDENTIFIER = rakesh.personal.ArchitecturalDemo;
				PRODUCT_NAME = "$(TARGET_NAME)";
				SWIFT_VERSION = 4.0;
				TARGETED_DEVICE_FAMILY = "1,2";
			};
			name = Release;
		};
/* End XCBuildConfiguration section */

/* Begin XCConfigurationList section */
		7C44CF5C204A8075003D24F5 /* Build configuration list for PBXProject "ArchitecturalDemo" */ = {
			isa = XCConfigurationList;
			buildConfigurations = (
				7C44CF71204A8075003D24F5 /* Debug */,
				7C44CF72204A8075003D24F5 /* Release */,
			);
			defaultConfigurationIsVisible = 0;
			defaultConfigurationName = Release;
		};
		7C44CF73204A8075003D24F5 /* Build configuration list for PBXNativeTarget "ArchitecturalDemo" */ = {
			isa = XCConfigurationList;
			buildConfigurations = (
				7C44CF74204A8075003D24F5 /* Debug */,
				7C44CF75204A8075003D24F5 /* Release */,
			);
			defaultConfigurationIsVisible = 0;
			defaultConfigurationName = Release;
		};
/* End XCConfigurationList section */
	};
	rootObject = 7C44CF59204A8075003D24F5 /* Project object */;
}
